<?xml version="1.0" encoding="utf-8"?>
<Project ToolsVersion="4.0" xmlns="http://schemas.microsoft.com/developer/msbuild/2003">
  <ItemGroup>
    <Filter Include="NewFilter1">
      <UniqueIdentifier>{bd08a155-0a06-4de3-baff-4d21c1aba349}</UniqueIdentifier>
    </Filter>
  </ItemGroup>
  <ItemGroup>
    <CudaCompile Include="main\boxFilter.cu" />
    <CudaCompile Include="conv\ConstantTimeWMF.cu" />
    <CudaCompile Include="main\CxDxForHigherPrecision.cu" />
    <CudaCompile Include="main\CxDxPrecalculation.cu" />
    <CudaCompile Include="main\FGMF_type3.cu" />
    <CudaCompile Include="conv\GuidedFilter.cu" />
  </ItemGroup>
  <ItemGroup>
    <ClCompile Include="conv\ConstantTimeWMF.cpp" />
    <ClCompile Include="main\DataContainer.cpp" />
    <ClCompile Include="test\Experimenter.cpp" />
    <ClCompile Include="main\FGMF.cpp" />
    <ClCompile Include="main\FGMF_type1.cpp" />
    <ClCompile Include="main\FGMF_type2.cpp" />
    <ClCompile Include="main\FGMF_type3.cpp" />
    <ClCompile Include="conv\GuidedFilter.cpp" />
    <ClCompile Include="conv\l1solver.cpp" />
    <ClCompile Include="main\main.cpp" />
    <ClCompile Include="test\Method.cpp" />
    <ClCompile Include="test\save.cpp" />
    <ClCompile Include="main\Utility.cpp" />
  </ItemGroup>
  <ItemGroup>
    <ClInclude Include="main\boxFilter.cuh" />
    <ClInclude Include="main\common.h" />
    <ClInclude Include="conv\ConstantTimeWMF.cuh" />
    <ClInclude Include="conv\ConstantTimeWMF.h" />
    <ClInclude Include="main\CxDxPrecalculation.cuh" />
    <ClInclude Include="main\DataContainer.h" />
    <ClInclude Include="test\Experimenter.h" />
    <ClInclude Include="test\ExperimentManager.h" />
    <ClInclude Include="main\FGMF.h" />
    <ClInclude Include="main\FGMF_base.h" />
    <ClInclude Include="main\FGMF_type1.h" />
    <ClInclude Include="main\FGMF_type2.h" />
    <ClInclude Include="main\FGMF_type3.cuh" />
    <ClInclude Include="main\FGMF_type3.h" />
    <ClInclude Include="main\FGMF_window.h" />
    <ClInclude Include="conv\GuidedFilter.cuh" />
    <ClInclude Include="conv\GuidedFilter.h" />
    <ClInclude Include="test\json.hpp" />
    <ClInclude Include="conv\l1solver.h" />
    <ClInclude Include="test\Method.h" />
    <ClInclude Include="main\Utility.cuh" />
    <ClInclude Include="main\Utility.h" />
  </ItemGroup>
</Project>